// !$*UTF8*$!
{
	archiveVersion = 1;
	classes = {
	};
	objectVersion = 56;
	objects = {

/* Begin PBXBuildFile section */
		C60668C12C18E4D60079CE1E /* ProgressProtocol.swift in Sources */ = {isa = PBXBuildFile; fileRef = C60668C02C18E4D60079CE1E /* ProgressProtocol.swift */; };
		C60F297F2C16564100D49F5A /* AppDelegate.swift in Sources */ = {isa = PBXBuildFile; fileRef = C60F297E2C16564100D49F5A /* AppDelegate.swift */; };
		C60F29812C16564100D49F5A /* SceneDelegate.swift in Sources */ = {isa = PBXBuildFile; fileRef = C60F29802C16564100D49F5A /* SceneDelegate.swift */; };
		C60F29832C16564100D49F5A /* MainViewController.swift in Sources */ = {isa = PBXBuildFile; fileRef = C60F29822C16564100D49F5A /* MainViewController.swift */; };
		C60F29882C16564300D49F5A /* Assets.xcassets in Resources */ = {isa = PBXBuildFile; fileRef = C60F29872C16564300D49F5A /* Assets.xcassets */; };
		C60F298B2C16564300D49F5A /* Base in Resources */ = {isa = PBXBuildFile; fileRef = C60F298A2C16564300D49F5A /* Base */; };
		C60F29942C1656AC00D49F5A /* SnapKit in Frameworks */ = {isa = PBXBuildFile; productRef = C60F29932C1656AC00D49F5A /* SnapKit */; };
		C631BE402C165CAD00A0D736 /* Constants.swift in Sources */ = {isa = PBXBuildFile; fileRef = C631BE3F2C165CAD00A0D736 /* Constants.swift */; };
		C64800572C18BB0E00D25822 /* RockPaperScissorsGame.swift in Sources */ = {isa = PBXBuildFile; fileRef = C64800562C18BB0E00D25822 /* RockPaperScissorsGame.swift */; };
		C68679AC2C176A7800F40860 /* RulesViewController.swift in Sources */ = {isa = PBXBuildFile; fileRef = C68679AB2C176A7800F40860 /* RulesViewController.swift */; };
		C68679B12C1773E100F40860 /* Rubik-Regular.ttf in Resources */ = {isa = PBXBuildFile; fileRef = C68679B02C1773E100F40860 /* Rubik-Regular.ttf */; };
		C6AD1E412C18CF12003E5C92 /* Player.swift in Sources */ = {isa = PBXBuildFile; fileRef = C6AD1E402C18CF12003E5C92 /* Player.swift */; };
		C6AD1E442C18DCD1003E5C92 /* GameProtocol.swift in Sources */ = {isa = PBXBuildFile; fileRef = C6AD1E432C18DCD1003E5C92 /* GameProtocol.swift */; };
		C6AD1E462C18DCEA003E5C92 /* GameOverProtocol.swift in Sources */ = {isa = PBXBuildFile; fileRef = C6AD1E452C18DCEA003E5C92 /* GameOverProtocol.swift */; };
		C6AD1E482C18DCFB003E5C92 /* TimerProtocol.swift in Sources */ = {isa = PBXBuildFile; fileRef = C6AD1E472C18DCFB003E5C92 /* TimerProtocol.swift */; };
		C6AD1E4B2C18DD46003E5C92 /* GameSymbol.swift in Sources */ = {isa = PBXBuildFile; fileRef = C6AD1E4A2C18DD46003E5C92 /* GameSymbol.swift */; };
		C6AD1E4D2C18DD56003E5C92 /* GameResult.swift in Sources */ = {isa = PBXBuildFile; fileRef = C6AD1E4C2C18DD56003E5C92 /* GameResult.swift */; };
		DD9E1ED02C1A190F00BC9694 /* MainView.swift in Sources */ = {isa = PBXBuildFile; fileRef = DD9E1ECF2C1A190F00BC9694 /* MainView.swift */; };
		DD9E1ED32C1A1D8E00BC9694 /* ResultViewController.swift in Sources */ = {isa = PBXBuildFile; fileRef = DD9E1ED22C1A1D8E00BC9694 /* ResultViewController.swift */; };
		DD9E1ED52C1A1DB000BC9694 /* ResultView.swift in Sources */ = {isa = PBXBuildFile; fileRef = DD9E1ED42C1A1DB000BC9694 /* ResultView.swift */; };
		FA1ECF9F2C1AF2DA0037A620 /* GameView.swift in Sources */ = {isa = PBXBuildFile; fileRef = FA1ECF9E2C1AF2DA0037A620 /* GameView.swift */; };
		FA1ECFA22C1B38B90037A620 /* RoundTimer.swift in Sources */ = {isa = PBXBuildFile; fileRef = FA1ECFA12C1B38B90037A620 /* RoundTimer.swift */; };
		FAAF47B32C19B821000CC955 /* GameViewController.swift in Sources */ = {isa = PBXBuildFile; fileRef = FAAF47B22C19B821000CC955 /* GameViewController.swift */; };
		FAAF47B92C19B88C000CC955 /* UIButton + Extension.swift in Sources */ = {isa = PBXBuildFile; fileRef = FAAF47B42C19B88C000CC955 /* UIButton + Extension.swift */; };
		FAAF47BA2C19B88C000CC955 /* UIImageView + Extension.swift in Sources */ = {isa = PBXBuildFile; fileRef = FAAF47B52C19B88C000CC955 /* UIImageView + Extension.swift */; };
		FAAF47BB2C19B88C000CC955 /* UIProgressView + Extension.swift in Sources */ = {isa = PBXBuildFile; fileRef = FAAF47B62C19B88C000CC955 /* UIProgressView + Extension.swift */; };
		FAAF47BC2C19B88C000CC955 /* UIViewController + Extension.swift in Sources */ = {isa = PBXBuildFile; fileRef = FAAF47B72C19B88C000CC955 /* UIViewController + Extension.swift */; };
		FAAF47BF2C19B89C000CC955 /* Rubik-Medium.ttf in Resources */ = {isa = PBXBuildFile; fileRef = FAAF47BD2C19B89C000CC955 /* Rubik-Medium.ttf */; };
		FAAF47C02C19B89C000CC955 /* Rubik-Bold.ttf in Resources */ = {isa = PBXBuildFile; fileRef = FAAF47BE2C19B89C000CC955 /* Rubik-Bold.ttf */; };
		FCD86E4E2C1A297900F681C2 /* dela-gothic-one-regular.ttf in Resources */ = {isa = PBXBuildFile; fileRef = FCD86E4D2C1A297900F681C2 /* dela-gothic-one-regular.ttf */; };
/* End PBXBuildFile section */

/* Begin PBXFileReference section */
		C60668C02C18E4D60079CE1E /* ProgressProtocol.swift */ = {isa = PBXFileReference; lastKnownFileType = sourcecode.swift; path = ProgressProtocol.swift; sourceTree = "<group>"; };
		C60F297B2C16564100D49F5A /* EpicRPS.app */ = {isa = PBXFileReference; explicitFileType = wrapper.application; includeInIndex = 0; path = EpicRPS.app; sourceTree = BUILT_PRODUCTS_DIR; };
		C60F297E2C16564100D49F5A /* AppDelegate.swift */ = {isa = PBXFileReference; lastKnownFileType = sourcecode.swift; path = AppDelegate.swift; sourceTree = "<group>"; };
		C60F29802C16564100D49F5A /* SceneDelegate.swift */ = {isa = PBXFileReference; lastKnownFileType = sourcecode.swift; path = SceneDelegate.swift; sourceTree = "<group>"; };
		C60F29822C16564100D49F5A /* MainViewController.swift */ = {isa = PBXFileReference; lastKnownFileType = sourcecode.swift; path = MainViewController.swift; sourceTree = "<group>"; };
		C60F29872C16564300D49F5A /* Assets.xcassets */ = {isa = PBXFileReference; lastKnownFileType = folder.assetcatalog; path = Assets.xcassets; sourceTree = "<group>"; };
		C60F298A2C16564300D49F5A /* Base */ = {isa = PBXFileReference; lastKnownFileType = file.storyboard; name = Base; path = Base.lproj/LaunchScreen.storyboard; sourceTree = "<group>"; };
		C60F298C2C16564300D49F5A /* Info.plist */ = {isa = PBXFileReference; lastKnownFileType = text.plist.xml; path = Info.plist; sourceTree = "<group>"; };
		C631BE3F2C165CAD00A0D736 /* Constants.swift */ = {isa = PBXFileReference; lastKnownFileType = sourcecode.swift; path = Constants.swift; sourceTree = "<group>"; };
		C64800562C18BB0E00D25822 /* RockPaperScissorsGame.swift */ = {isa = PBXFileReference; fileEncoding = 4; lastKnownFileType = sourcecode.swift; path = RockPaperScissorsGame.swift; sourceTree = "<group>"; };
		C68679AB2C176A7800F40860 /* RulesViewController.swift */ = {isa = PBXFileReference; lastKnownFileType = sourcecode.swift; path = RulesViewController.swift; sourceTree = "<group>"; };
		C68679B02C1773E100F40860 /* Rubik-Regular.ttf */ = {isa = PBXFileReference; lastKnownFileType = file; path = "Rubik-Regular.ttf"; sourceTree = "<group>"; };
		C6AD1E402C18CF12003E5C92 /* Player.swift */ = {isa = PBXFileReference; lastKnownFileType = sourcecode.swift; path = Player.swift; sourceTree = "<group>"; };
		C6AD1E432C18DCD1003E5C92 /* GameProtocol.swift */ = {isa = PBXFileReference; lastKnownFileType = sourcecode.swift; path = GameProtocol.swift; sourceTree = "<group>"; };
		C6AD1E452C18DCEA003E5C92 /* GameOverProtocol.swift */ = {isa = PBXFileReference; lastKnownFileType = sourcecode.swift; path = GameOverProtocol.swift; sourceTree = "<group>"; };
		C6AD1E472C18DCFB003E5C92 /* TimerProtocol.swift */ = {isa = PBXFileReference; lastKnownFileType = sourcecode.swift; path = TimerProtocol.swift; sourceTree = "<group>"; };
		C6AD1E4A2C18DD46003E5C92 /* GameSymbol.swift */ = {isa = PBXFileReference; lastKnownFileType = sourcecode.swift; path = GameSymbol.swift; sourceTree = "<group>"; };
		C6AD1E4C2C18DD56003E5C92 /* GameResult.swift */ = {isa = PBXFileReference; lastKnownFileType = sourcecode.swift; path = GameResult.swift; sourceTree = "<group>"; };
		DD9E1ECF2C1A190F00BC9694 /* MainView.swift */ = {isa = PBXFileReference; lastKnownFileType = sourcecode.swift; path = MainView.swift; sourceTree = "<group>"; };
		DD9E1ED22C1A1D8E00BC9694 /* ResultViewController.swift */ = {isa = PBXFileReference; lastKnownFileType = sourcecode.swift; path = ResultViewController.swift; sourceTree = "<group>"; };
		DD9E1ED42C1A1DB000BC9694 /* ResultView.swift */ = {isa = PBXFileReference; lastKnownFileType = sourcecode.swift; path = ResultView.swift; sourceTree = "<group>"; };
		FA1ECF9E2C1AF2DA0037A620 /* GameView.swift */ = {isa = PBXFileReference; lastKnownFileType = sourcecode.swift; path = GameView.swift; sourceTree = "<group>"; };
		FA1ECFA12C1B38B90037A620 /* RoundTimer.swift */ = {isa = PBXFileReference; lastKnownFileType = sourcecode.swift; path = RoundTimer.swift; sourceTree = "<group>"; };
		FAAF47B22C19B821000CC955 /* GameViewController.swift */ = {isa = PBXFileReference; lastKnownFileType = sourcecode.swift; path = GameViewController.swift; sourceTree = "<group>"; };
		FAAF47B42C19B88C000CC955 /* UIButton + Extension.swift */ = {isa = PBXFileReference; fileEncoding = 4; lastKnownFileType = sourcecode.swift; path = "UIButton + Extension.swift"; sourceTree = "<group>"; };
		FAAF47B52C19B88C000CC955 /* UIImageView + Extension.swift */ = {isa = PBXFileReference; fileEncoding = 4; lastKnownFileType = sourcecode.swift; path = "UIImageView + Extension.swift"; sourceTree = "<group>"; };
		FAAF47B62C19B88C000CC955 /* UIProgressView + Extension.swift */ = {isa = PBXFileReference; fileEncoding = 4; lastKnownFileType = sourcecode.swift; path = "UIProgressView + Extension.swift"; sourceTree = "<group>"; };
		FAAF47B72C19B88C000CC955 /* UIViewController + Extension.swift */ = {isa = PBXFileReference; fileEncoding = 4; lastKnownFileType = sourcecode.swift; path = "UIViewController + Extension.swift"; sourceTree = "<group>"; };
		FAAF47BD2C19B89C000CC955 /* Rubik-Medium.ttf */ = {isa = PBXFileReference; lastKnownFileType = file; path = "Rubik-Medium.ttf"; sourceTree = "<group>"; };
		FAAF47BE2C19B89C000CC955 /* Rubik-Bold.ttf */ = {isa = PBXFileReference; lastKnownFileType = file; path = "Rubik-Bold.ttf"; sourceTree = "<group>"; };
		FCD86E4D2C1A297900F681C2 /* dela-gothic-one-regular.ttf */ = {isa = PBXFileReference; lastKnownFileType = file; path = "dela-gothic-one-regular.ttf"; sourceTree = "<group>"; };
/* End PBXFileReference section */

/* Begin PBXFrameworksBuildPhase section */
		C60F29782C16564100D49F5A /* Frameworks */ = {
			isa = PBXFrameworksBuildPhase;
			buildActionMask = 2147483647;
			files = (
				C60F29942C1656AC00D49F5A /* SnapKit in Frameworks */,
			);
			runOnlyForDeploymentPostprocessing = 0;
		};
/* End PBXFrameworksBuildPhase section */

/* Begin PBXGroup section */
		C60F29722C16564100D49F5A = {
			isa = PBXGroup;
			children = (
				C60F297D2C16564100D49F5A /* EpicRPS */,
				C60F297C2C16564100D49F5A /* Products */,
			);
			sourceTree = "<group>";
		};
		C60F297C2C16564100D49F5A /* Products */ = {
			isa = PBXGroup;
			children = (
				C60F297B2C16564100D49F5A /* EpicRPS.app */,
			);
			name = Products;
			sourceTree = "<group>";
		};
		C60F297D2C16564100D49F5A /* EpicRPS */ = {
			isa = PBXGroup;
			children = (
				C631BE3B2C165C2200A0D736 /* Support */,
				C631BE3E2C165C9F00A0D736 /* Helpers */,
				C631BE3D2C165C6F00A0D736 /* Model */,
				C631BE3A2C165BC900A0D736 /* Screens */,
				C631BE3C2C165C3D00A0D736 /* Resources */,
				C60F298C2C16564300D49F5A /* Info.plist */,
			);
			path = EpicRPS;
			sourceTree = "<group>";
		};
		C631BE3A2C165BC900A0D736 /* Screens */ = {
			isa = PBXGroup;
			children = (
				DD9E1ED12C1A1D4E00BC9694 /* ResultViewController */,
				DD9E1ECE2C1A190100BC9694 /* MainViewController */,
				FA1ECFA02C1AF80C0037A620 /* GameViewController */,
				C68679AB2C176A7800F40860 /* RulesViewController.swift */,
				C60F29892C16564300D49F5A /* LaunchScreen.storyboard */,
			);
			path = Screens;
			sourceTree = "<group>";
		};
		C631BE3B2C165C2200A0D736 /* Support */ = {
			isa = PBXGroup;
			children = (
				C60F29802C16564100D49F5A /* SceneDelegate.swift */,
				C60F297E2C16564100D49F5A /* AppDelegate.swift */,
			);
			path = Support;
			sourceTree = "<group>";
		};
		C631BE3C2C165C3D00A0D736 /* Resources */ = {
			isa = PBXGroup;
			children = (
				C68679AF2C1773D700F40860 /* Fonts */,
				C60F29872C16564300D49F5A /* Assets.xcassets */,
			);
			path = Resources;
			sourceTree = "<group>";
		};
		C631BE3D2C165C6F00A0D736 /* Model */ = {
			isa = PBXGroup;
			children = (
				C6AD1E492C18DD05003E5C92 /* Game */,
				C6AD1E422C18DCC7003E5C92 /* Protocols */,
			);
			path = Model;
			sourceTree = "<group>";
		};
		C631BE3E2C165C9F00A0D736 /* Helpers */ = {
			isa = PBXGroup;
			children = (
				C631BE3F2C165CAD00A0D736 /* Constants.swift */,
				FAAF47B82C19B88C000CC955 /* Extensions */,
			);
			path = Helpers;
			sourceTree = "<group>";
		};
		C68679AF2C1773D700F40860 /* Fonts */ = {
			isa = PBXGroup;
			children = (
				C68679B02C1773E100F40860 /* Rubik-Regular.ttf */,
				FAAF47BE2C19B89C000CC955 /* Rubik-Bold.ttf */,
				FCD86E4D2C1A297900F681C2 /* dela-gothic-one-regular.ttf */,
				FAAF47BD2C19B89C000CC955 /* Rubik-Medium.ttf */,
			);
			path = Fonts;
			sourceTree = "<group>";
		};
		C6AD1E422C18DCC7003E5C92 /* Protocols */ = {
			isa = PBXGroup;
			children = (
				C6AD1E432C18DCD1003E5C92 /* GameProtocol.swift */,
				C6AD1E452C18DCEA003E5C92 /* GameOverProtocol.swift */,
				C6AD1E472C18DCFB003E5C92 /* TimerProtocol.swift */,
				C60668C02C18E4D60079CE1E /* ProgressProtocol.swift */,
			);
			path = Protocols;
			sourceTree = "<group>";
		};
		C6AD1E492C18DD05003E5C92 /* Game */ = {
			isa = PBXGroup;
			children = (
				C6AD1E402C18CF12003E5C92 /* Player.swift */,
				C6AD1E4A2C18DD46003E5C92 /* GameSymbol.swift */,
				C6AD1E4C2C18DD56003E5C92 /* GameResult.swift */,
				C64800562C18BB0E00D25822 /* RockPaperScissorsGame.swift */,
				FA1ECFA12C1B38B90037A620 /* RoundTimer.swift */,
			);
			path = Game;
			sourceTree = "<group>";
		};
		DD9E1ECE2C1A190100BC9694 /* MainViewController */ = {
			isa = PBXGroup;
			children = (
				C60F29822C16564100D49F5A /* MainViewController.swift */,
				DD9E1ECF2C1A190F00BC9694 /* MainView.swift */,
			);
			path = MainViewController;
			sourceTree = "<group>";
		};
		DD9E1ED12C1A1D4E00BC9694 /* ResultViewController */ = {
			isa = PBXGroup;
			children = (
				DD9E1ED22C1A1D8E00BC9694 /* ResultViewController.swift */,
				DD9E1ED42C1A1DB000BC9694 /* ResultView.swift */,
			);
			path = ResultViewController;
			sourceTree = "<group>";
		};
		FA1ECFA02C1AF80C0037A620 /* GameViewController */ = {
			isa = PBXGroup;
			children = (
				FA1ECF9E2C1AF2DA0037A620 /* GameView.swift */,
				FAAF47B22C19B821000CC955 /* GameViewController.swift */,
			);
			path = GameViewController;
			sourceTree = "<group>";
		};
		FAAF47B82C19B88C000CC955 /* Extensions */ = {
			isa = PBXGroup;
			children = (
				FAAF47B42C19B88C000CC955 /* UIButton + Extension.swift */,
				FAAF47B52C19B88C000CC955 /* UIImageView + Extension.swift */,
				FAAF47B62C19B88C000CC955 /* UIProgressView + Extension.swift */,
				FAAF47B72C19B88C000CC955 /* UIViewController + Extension.swift */,
			);
			path = Extensions;
			sourceTree = "<group>";
		};
/* End PBXGroup section */

/* Begin PBXNativeTarget section */
		C60F297A2C16564100D49F5A /* EpicRPS */ = {
			isa = PBXNativeTarget;
			buildConfigurationList = C60F298F2C16564300D49F5A /* Build configuration list for PBXNativeTarget "EpicRPS" */;
			buildPhases = (
				C60F29772C16564100D49F5A /* Sources */,
				C60F29782C16564100D49F5A /* Frameworks */,
				C60F29792C16564100D49F5A /* Resources */,
			);
			buildRules = (
			);
			dependencies = (
			);
			name = EpicRPS;
			packageProductDependencies = (
				C60F29932C1656AC00D49F5A /* SnapKit */,
			);
			productName = EpicRPS;
			productReference = C60F297B2C16564100D49F5A /* EpicRPS.app */;
			productType = "com.apple.product-type.application";
		};
/* End PBXNativeTarget section */

/* Begin PBXProject section */
		C60F29732C16564100D49F5A /* Project object */ = {
			isa = PBXProject;
			attributes = {
				BuildIndependentTargetsInParallel = 1;
				LastSwiftUpdateCheck = 1530;
				LastUpgradeCheck = 1530;
				TargetAttributes = {
					C60F297A2C16564100D49F5A = {
						CreatedOnToolsVersion = 15.3;
					};
				};
			};
			buildConfigurationList = C60F29762C16564100D49F5A /* Build configuration list for PBXProject "EpicRPS" */;
			compatibilityVersion = "Xcode 14.0";
			developmentRegion = en;
			hasScannedForEncodings = 0;
			knownRegions = (
				en,
				Base,
			);
			mainGroup = C60F29722C16564100D49F5A;
			packageReferences = (
				C60F29922C1656AC00D49F5A /* XCRemoteSwiftPackageReference "SnapKit" */,
			);
			productRefGroup = C60F297C2C16564100D49F5A /* Products */;
			projectDirPath = "";
			projectRoot = "";
			targets = (
				C60F297A2C16564100D49F5A /* EpicRPS */,
			);
		};
/* End PBXProject section */

/* Begin PBXResourcesBuildPhase section */
		C60F29792C16564100D49F5A /* Resources */ = {
			isa = PBXResourcesBuildPhase;
			buildActionMask = 2147483647;
			files = (
				C60F29882C16564300D49F5A /* Assets.xcassets in Resources */,
				C68679B12C1773E100F40860 /* Rubik-Regular.ttf in Resources */,
				C60F298B2C16564300D49F5A /* Base in Resources */,
				FAAF47BF2C19B89C000CC955 /* Rubik-Medium.ttf in Resources */,
				FCD86E4E2C1A297900F681C2 /* dela-gothic-one-regular.ttf in Resources */,
				FAAF47C02C19B89C000CC955 /* Rubik-Bold.ttf in Resources */,
			);
			runOnlyForDeploymentPostprocessing = 0;
		};
/* End PBXResourcesBuildPhase section */

/* Begin PBXSourcesBuildPhase section */
		C60F29772C16564100D49F5A /* Sources */ = {
			isa = PBXSourcesBuildPhase;
			buildActionMask = 2147483647;
			files = (
				FAAF47B32C19B821000CC955 /* GameViewController.swift in Sources */,
				C6AD1E462C18DCEA003E5C92 /* GameOverProtocol.swift in Sources */,
				C64800572C18BB0E00D25822 /* RockPaperScissorsGame.swift in Sources */,
				C6AD1E4B2C18DD46003E5C92 /* GameSymbol.swift in Sources */,
				FA1ECFA22C1B38B90037A620 /* RoundTimer.swift in Sources */,
				C6AD1E442C18DCD1003E5C92 /* GameProtocol.swift in Sources */,
				DD9E1ED52C1A1DB000BC9694 /* ResultView.swift in Sources */,
				DD9E1ED02C1A190F00BC9694 /* MainView.swift in Sources */,
				FAAF47B92C19B88C000CC955 /* UIButton + Extension.swift in Sources */,
				C60668C12C18E4D60079CE1E /* ProgressProtocol.swift in Sources */,
				C68679AC2C176A7800F40860 /* RulesViewController.swift in Sources */,
				C60F29832C16564100D49F5A /* MainViewController.swift in Sources */,
				C60F297F2C16564100D49F5A /* AppDelegate.swift in Sources */,
				FAAF47BC2C19B88C000CC955 /* UIViewController + Extension.swift in Sources */,
				C6AD1E412C18CF12003E5C92 /* Player.swift in Sources */,
				C6AD1E4D2C18DD56003E5C92 /* GameResult.swift in Sources */,
				FAAF47BA2C19B88C000CC955 /* UIImageView + Extension.swift in Sources */,
				FA1ECF9F2C1AF2DA0037A620 /* GameView.swift in Sources */,
				DD9E1ED32C1A1D8E00BC9694 /* ResultViewController.swift in Sources */,
				C6AD1E482C18DCFB003E5C92 /* TimerProtocol.swift in Sources */,
				C60F29812C16564100D49F5A /* SceneDelegate.swift in Sources */,
				C631BE402C165CAD00A0D736 /* Constants.swift in Sources */,
				FAAF47BB2C19B88C000CC955 /* UIProgressView + Extension.swift in Sources */,
			);
			runOnlyForDeploymentPostprocessing = 0;
		};
/* End PBXSourcesBuildPhase section */

/* Begin PBXVariantGroup section */
		C60F29892C16564300D49F5A /* LaunchScreen.storyboard */ = {
			isa = PBXVariantGroup;
			children = (
				C60F298A2C16564300D49F5A /* Base */,
			);
			name = LaunchScreen.storyboard;
			sourceTree = "<group>";
		};
/* End PBXVariantGroup section */

/* Begin XCBuildConfiguration section */
		C60F298D2C16564300D49F5A /* Debug */ = {
			isa = XCBuildConfiguration;
			buildSettings = {
				ALWAYS_SEARCH_USER_PATHS = NO;
				ASSETCATALOG_COMPILER_GENERATE_SWIFT_ASSET_SYMBOL_EXTENSIONS = YES;
				CLANG_ANALYZER_NONNULL = YES;
				CLANG_ANALYZER_NUMBER_OBJECT_CONVERSION = YES_AGGRESSIVE;
				CLANG_CXX_LANGUAGE_STANDARD = "gnu++20";
				CLANG_ENABLE_MODULES = YES;
				CLANG_ENABLE_OBJC_ARC = YES;
				CLANG_ENABLE_OBJC_WEAK = YES;
				CLANG_WARN_BLOCK_CAPTURE_AUTORELEASING = YES;
				CLANG_WARN_BOOL_CONVERSION = YES;
				CLANG_WARN_COMMA = YES;
				CLANG_WARN_CONSTANT_CONVERSION = YES;
				CLANG_WARN_DEPRECATED_OBJC_IMPLEMENTATIONS = YES;
				CLANG_WARN_DIRECT_OBJC_ISA_USAGE = YES_ERROR;
				CLANG_WARN_DOCUMENTATION_COMMENTS = YES;
				CLANG_WARN_EMPTY_BODY = YES;
				CLANG_WARN_ENUM_CONVERSION = YES;
				CLANG_WARN_INFINITE_RECURSION = YES;
				CLANG_WARN_INT_CONVERSION = YES;
				CLANG_WARN_NON_LITERAL_NULL_CONVERSION = YES;
				CLANG_WARN_OBJC_IMPLICIT_RETAIN_SELF = YES;
				CLANG_WARN_OBJC_LITERAL_CONVERSION = YES;
				CLANG_WARN_OBJC_ROOT_CLASS = YES_ERROR;
				CLANG_WARN_QUOTED_INCLUDE_IN_FRAMEWORK_HEADER = YES;
				CLANG_WARN_RANGE_LOOP_ANALYSIS = YES;
				CLANG_WARN_STRICT_PROTOTYPES = YES;
				CLANG_WARN_SUSPICIOUS_MOVE = YES;
				CLANG_WARN_UNGUARDED_AVAILABILITY = YES_AGGRESSIVE;
				CLANG_WARN_UNREACHABLE_CODE = YES;
				CLANG_WARN__DUPLICATE_METHOD_MATCH = YES;
				COPY_PHASE_STRIP = NO;
				DEBUG_INFORMATION_FORMAT = dwarf;
				ENABLE_STRICT_OBJC_MSGSEND = YES;
				ENABLE_TESTABILITY = YES;
				ENABLE_USER_SCRIPT_SANDBOXING = YES;
				GCC_C_LANGUAGE_STANDARD = gnu17;
				GCC_DYNAMIC_NO_PIC = NO;
				GCC_NO_COMMON_BLOCKS = YES;
				GCC_OPTIMIZATION_LEVEL = 0;
				GCC_PREPROCESSOR_DEFINITIONS = (
					"DEBUG=1",
					"$(inherited)",
				);
				GCC_WARN_64_TO_32_BIT_CONVERSION = YES;
				GCC_WARN_ABOUT_RETURN_TYPE = YES_ERROR;
				GCC_WARN_UNDECLARED_SELECTOR = YES;
				GCC_WARN_UNINITIALIZED_AUTOS = YES_AGGRESSIVE;
				GCC_WARN_UNUSED_FUNCTION = YES;
				GCC_WARN_UNUSED_VARIABLE = YES;
				IPHONEOS_DEPLOYMENT_TARGET = 17.4;
				LOCALIZATION_PREFERS_STRING_CATALOGS = YES;
				MTL_ENABLE_DEBUG_INFO = INCLUDE_SOURCE;
				MTL_FAST_MATH = YES;
				ONLY_ACTIVE_ARCH = YES;
				SDKROOT = iphoneos;
				SWIFT_ACTIVE_COMPILATION_CONDITIONS = "DEBUG $(inherited)";
				SWIFT_OPTIMIZATION_LEVEL = "-Onone";
			};
			name = Debug;
		};
		C60F298E2C16564300D49F5A /* Release */ = {
			isa = XCBuildConfiguration;
			buildSettings = {
				ALWAYS_SEARCH_USER_PATHS = NO;
				ASSETCATALOG_COMPILER_GENERATE_SWIFT_ASSET_SYMBOL_EXTENSIONS = YES;
				CLANG_ANALYZER_NONNULL = YES;
				CLANG_ANALYZER_NUMBER_OBJECT_CONVERSION = YES_AGGRESSIVE;
				CLANG_CXX_LANGUAGE_STANDARD = "gnu++20";
				CLANG_ENABLE_MODULES = YES;
				CLANG_ENABLE_OBJC_ARC = YES;
				CLANG_ENABLE_OBJC_WEAK = YES;
				CLANG_WARN_BLOCK_CAPTURE_AUTORELEASING = YES;
				CLANG_WARN_BOOL_CONVERSION = YES;
				CLANG_WARN_COMMA = YES;
				CLANG_WARN_CONSTANT_CONVERSION = YES;
				CLANG_WARN_DEPRECATED_OBJC_IMPLEMENTATIONS = YES;
				CLANG_WARN_DIRECT_OBJC_ISA_USAGE = YES_ERROR;
				CLANG_WARN_DOCUMENTATION_COMMENTS = YES;
				CLANG_WARN_EMPTY_BODY = YES;
				CLANG_WARN_ENUM_CONVERSION = YES;
				CLANG_WARN_INFINITE_RECURSION = YES;
				CLANG_WARN_INT_CONVERSION = YES;
				CLANG_WARN_NON_LITERAL_NULL_CONVERSION = YES;
				CLANG_WARN_OBJC_IMPLICIT_RETAIN_SELF = YES;
				CLANG_WARN_OBJC_LITERAL_CONVERSION = YES;
				CLANG_WARN_OBJC_ROOT_CLASS = YES_ERROR;
				CLANG_WARN_QUOTED_INCLUDE_IN_FRAMEWORK_HEADER = YES;
				CLANG_WARN_RANGE_LOOP_ANALYSIS = YES;
				CLANG_WARN_STRICT_PROTOTYPES = YES;
				CLANG_WARN_SUSPICIOUS_MOVE = YES;
				CLANG_WARN_UNGUARDED_AVAILABILITY = YES_AGGRESSIVE;
				CLANG_WARN_UNREACHABLE_CODE = YES;
				CLANG_WARN__DUPLICATE_METHOD_MATCH = YES;
				COPY_PHASE_STRIP = NO;
				DEBUG_INFORMATION_FORMAT = "dwarf-with-dsym";
				ENABLE_NS_ASSERTIONS = NO;
				ENABLE_STRICT_OBJC_MSGSEND = YES;
				ENABLE_USER_SCRIPT_SANDBOXING = YES;
				GCC_C_LANGUAGE_STANDARD = gnu17;
				GCC_NO_COMMON_BLOCKS = YES;
				GCC_WARN_64_TO_32_BIT_CONVERSION = YES;
				GCC_WARN_ABOUT_RETURN_TYPE = YES_ERROR;
				GCC_WARN_UNDECLARED_SELECTOR = YES;
				GCC_WARN_UNINITIALIZED_AUTOS = YES_AGGRESSIVE;
				GCC_WARN_UNUSED_FUNCTION = YES;
				GCC_WARN_UNUSED_VARIABLE = YES;
				IPHONEOS_DEPLOYMENT_TARGET = 17.4;
				LOCALIZATION_PREFERS_STRING_CATALOGS = YES;
				MTL_ENABLE_DEBUG_INFO = NO;
				MTL_FAST_MATH = YES;
				SDKROOT = iphoneos;
				SWIFT_COMPILATION_MODE = wholemodule;
				VALIDATE_PRODUCT = YES;
			};
			name = Release;
		};
		C60F29902C16564300D49F5A /* Debug */ = {
			isa = XCBuildConfiguration;
			buildSettings = {
				ASSETCATALOG_COMPILER_APPICON_NAME = AppIcon;
				ASSETCATALOG_COMPILER_GLOBAL_ACCENT_COLOR_NAME = AccentColor;
				CODE_SIGN_STYLE = Automatic;
				CURRENT_PROJECT_VERSION = 1;
				DEVELOPMENT_TEAM = 69M929ZQ47;
				GENERATE_INFOPLIST_FILE = YES;
				INFOPLIST_FILE = EpicRPS/Info.plist;
				INFOPLIST_KEY_CFBundleDisplayName = "Epic RPS";
				INFOPLIST_KEY_UIApplicationSupportsIndirectInputEvents = YES;
				INFOPLIST_KEY_UILaunchStoryboardName = LaunchScreen;
				INFOPLIST_KEY_UISupportedInterfaceOrientations = UIInterfaceOrientationPortrait;
				INFOPLIST_KEY_UISupportedInterfaceOrientations_iPad = "UIInterfaceOrientationLandscapeLeft UIInterfaceOrientationLandscapeRight UIInterfaceOrientationPortrait UIInterfaceOrientationPortraitUpsideDown";
				IPHONEOS_DEPLOYMENT_TARGET = 15.0;
				LD_RUNPATH_SEARCH_PATHS = (
					"$(inherited)",
					"@executable_path/Frameworks",
				);
				MARKETING_VERSION = 1.0;
				PRODUCT_BUNDLE_IDENTIFIER = "com.uk-servers.EpicRPS";
				PRODUCT_NAME = "$(TARGET_NAME)";
				SUPPORTED_PLATFORMS = "iphoneos iphonesimulator";
				SUPPORTS_MACCATALYST = NO;
				SUPPORTS_MAC_DESIGNED_FOR_IPHONE_IPAD = NO;
				SUPPORTS_XR_DESIGNED_FOR_IPHONE_IPAD = NO;
				SWIFT_EMIT_LOC_STRINGS = YES;
				SWIFT_VERSION = 5.0;
				TARGETED_DEVICE_FAMILY = 1;
			};
			name = Debug;
		};
		C60F29912C16564300D49F5A /* Release */ = {
			isa = XCBuildConfiguration;
			buildSettings = {
				ASSETCATALOG_COMPILER_APPICON_NAME = AppIcon;
				ASSETCATALOG_COMPILER_GLOBAL_ACCENT_COLOR_NAME = AccentColor;
				CODE_SIGN_STYLE = Automatic;
				CURRENT_PROJECT_VERSION = 1;
				DEVELOPMENT_TEAM = 69M929ZQ47;
				GENERATE_INFOPLIST_FILE = YES;
				INFOPLIST_FILE = EpicRPS/Info.plist;
				INFOPLIST_KEY_CFBundleDisplayName = "Epic RPS";
				INFOPLIST_KEY_UIApplicationSupportsIndirectInputEvents = YES;
				INFOPLIST_KEY_UILaunchStoryboardName = LaunchScreen;
				INFOPLIST_KEY_UISupportedInterfaceOrientations = UIInterfaceOrientationPortrait;
				INFOPLIST_KEY_UISupportedInterfaceOrientations_iPad = "UIInterfaceOrientationLandscapeLeft UIInterfaceOrientationLandscapeRight UIInterfaceOrientationPortrait UIInterfaceOrientationPortraitUpsideDown";
				IPHONEOS_DEPLOYMENT_TARGET = 15.0;
				LD_RUNPATH_SEARCH_PATHS = (
					"$(inherited)",
					"@executable_path/Frameworks",
				);
				MARKETING_VERSION = 1.0;
				PRODUCT_BUNDLE_IDENTIFIER = "com.uk-servers.EpicRPS";
				PRODUCT_NAME = "$(TARGET_NAME)";
				SUPPORTED_PLATFORMS = "iphoneos iphonesimulator";
				SUPPORTS_MACCATALYST = NO;
				SUPPORTS_MAC_DESIGNED_FOR_IPHONE_IPAD = NO;
				SUPPORTS_XR_DESIGNED_FOR_IPHONE_IPAD = NO;
				SWIFT_EMIT_LOC_STRINGS = YES;
				SWIFT_VERSION = 5.0;
				TARGETED_DEVICE_FAMILY = 1;
			};
			name = Release;
		};
/* End XCBuildConfiguration section */

/* Begin XCConfigurationList section */
		C60F29762C16564100D49F5A /* Build configuration list for PBXProject "EpicRPS" */ = {
			isa = XCConfigurationList;
			buildConfigurations = (
				C60F298D2C16564300D49F5A /* Debug */,
				C60F298E2C16564300D49F5A /* Release */,
			);
			defaultConfigurationIsVisible = 0;
			defaultConfigurationName = Release;
		};
		C60F298F2C16564300D49F5A /* Build configuration list for PBXNativeTarget "EpicRPS" */ = {
			isa = XCConfigurationList;
			buildConfigurations = (
				C60F29902C16564300D49F5A /* Debug */,
				C60F29912C16564300D49F5A /* Release */,
			);
			defaultConfigurationIsVisible = 0;
			defaultConfigurationName = Release;
		};
/* End XCConfigurationList section */

/* Begin XCRemoteSwiftPackageReference section */
		C60F29922C1656AC00D49F5A /* XCRemoteSwiftPackageReference "SnapKit" */ = {
			isa = XCRemoteSwiftPackageReference;
			repositoryURL = "https://github.com/SnapKit/SnapKit.git";
			requirement = {
				kind = upToNextMajorVersion;
				minimumVersion = 5.7.1;
			};
		};
/* End XCRemoteSwiftPackageReference section */

/* Begin XCSwiftPackageProductDependency section */
		C60F29932C1656AC00D49F5A /* SnapKit */ = {
			isa = XCSwiftPackageProductDependency;
			package = C60F29922C1656AC00D49F5A /* XCRemoteSwiftPackageReference "SnapKit" */;
			productName = SnapKit;
		};
/* End XCSwiftPackageProductDependency section */
	};
	rootObject = C60F29732C16564100D49F5A /* Project object */;
}
